// !$*UTF8*$!
{
	archiveVersion = 1;
	classes = {
	};
	objectVersion = 50;
	objects = {

/* Begin PBXBuildFile section */
		72DD34942698A4B100C7B2D0 /* AppDelegate.swift in Sources */ = {isa = PBXBuildFile; fileRef = 72DD34932698A4B100C7B2D0 /* AppDelegate.swift */; };
		72DD34962698A4B100C7B2D0 /* SceneDelegate.swift in Sources */ = {isa = PBXBuildFile; fileRef = 72DD34952698A4B100C7B2D0 /* SceneDelegate.swift */; };
		72DD34982698A4B100C7B2D0 /* ViewController.swift in Sources */ = {isa = PBXBuildFile; fileRef = 72DD34972698A4B100C7B2D0 /* ViewController.swift */; };
		72DD349B2698A4B100C7B2D0 /* Main.storyboard in Resources */ = {isa = PBXBuildFile; fileRef = 72DD34992698A4B100C7B2D0 /* Main.storyboard */; };
		72DD349D2698A4B500C7B2D0 /* Assets.xcassets in Resources */ = {isa = PBXBuildFile; fileRef = 72DD349C2698A4B500C7B2D0 /* Assets.xcassets */; };
		72DD34A02698A4B500C7B2D0 /* LaunchScreen.storyboard in Resources */ = {isa = PBXBuildFile; fileRef = 72DD349E2698A4B500C7B2D0 /* LaunchScreen.storyboard */; };
		72DD34AB2698A4B500C7B2D0 /* SampleProjectNicoleTests.swift in Sources */ = {isa = PBXBuildFile; fileRef = 72DD34AA2698A4B500C7B2D0 /* SampleProjectNicoleTests.swift */; };
		72DD34B62698A4B500C7B2D0 /* SampleProjectNicoleUITests.swift in Sources */ = {isa = PBXBuildFile; fileRef = 72DD34B52698A4B500C7B2D0 /* SampleProjectNicoleUITests.swift */; };
/* End PBXBuildFile section */

/* Begin PBXContainerItemProxy section */
		72DD34A72698A4B500C7B2D0 /* PBXContainerItemProxy */ = {
			isa = PBXContainerItemProxy;
			containerPortal = 72DD34882698A4B100C7B2D0 /* Project object */;
			proxyType = 1;
			remoteGlobalIDString = 72DD348F2698A4B100C7B2D0;
			remoteInfo = SampleProjectNicole;
		};
		72DD34B22698A4B500C7B2D0 /* PBXContainerItemProxy */ = {
			isa = PBXContainerItemProxy;
			containerPortal = 72DD34882698A4B100C7B2D0 /* Project object */;
			proxyType = 1;
			remoteGlobalIDString = 72DD348F2698A4B100C7B2D0;
			remoteInfo = SampleProjectNicole;
		};
/* End PBXContainerItemProxy section */

/* Begin PBXFileReference section */
		72DD34902698A4B100C7B2D0 /* SampleProjectNicole.app */ = {isa = PBXFileReference; explicitFileType = wrapper.application; includeInIndex = 0; path = SampleProjectNicole.app; sourceTree = BUILT_PRODUCTS_DIR; };
		72DD34932698A4B100C7B2D0 /* AppDelegate.swift */ = {isa = PBXFileReference; lastKnownFileType = sourcecode.swift; path = AppDelegate.swift; sourceTree = "<group>"; };
		72DD34952698A4B100C7B2D0 /* SceneDelegate.swift */ = {isa = PBXFileReference; lastKnownFileType = sourcecode.swift; path = SceneDelegate.swift; sourceTree = "<group>"; };
		72DD34972698A4B100C7B2D0 /* ViewController.swift */ = {isa = PBXFileReference; lastKnownFileType = sourcecode.swift; path = ViewController.swift; sourceTree = "<group>"; };
		72DD349A2698A4B100C7B2D0 /* Base */ = {isa = PBXFileReference; lastKnownFileType = file.storyboard; name = Base; path = Base.lproj/Main.storyboard; sourceTree = "<group>"; };
		72DD349C2698A4B500C7B2D0 /* Assets.xcassets */ = {isa = PBXFileReference; lastKnownFileType = folder.assetcatalog; path = Assets.xcassets; sourceTree = "<group>"; };
		72DD349F2698A4B500C7B2D0 /* Base */ = {isa = PBXFileReference; lastKnownFileType = file.storyboard; name = Base; path = Base.lproj/LaunchScreen.storyboard; sourceTree = "<group>"; };
		72DD34A12698A4B500C7B2D0 /* Info.plist */ = {isa = PBXFileReference; lastKnownFileType = text.plist.xml; path = Info.plist; sourceTree = "<group>"; };
		72DD34A62698A4B500C7B2D0 /* SampleProjectNicoleTests.xctest */ = {isa = PBXFileReference; explicitFileType = wrapper.cfbundle; includeInIndex = 0; path = SampleProjectNicoleTests.xctest; sourceTree = BUILT_PRODUCTS_DIR; };
		72DD34AA2698A4B500C7B2D0 /* SampleProjectNicoleTests.swift */ = {isa = PBXFileReference; lastKnownFileType = sourcecode.swift; path = SampleProjectNicoleTests.swift; sourceTree = "<group>"; };
		72DD34AC2698A4B500C7B2D0 /* Info.plist */ = {isa = PBXFileReference; lastKnownFileType = text.plist.xml; path = Info.plist; sourceTree = "<group>"; };
		72DD34B12698A4B500C7B2D0 /* SampleProjectNicoleUITests.xctest */ = {isa = PBXFileReference; explicitFileType = wrapper.cfbundle; includeInIndex = 0; path = SampleProjectNicoleUITests.xctest; sourceTree = BUILT_PRODUCTS_DIR; };
		72DD34B52698A4B500C7B2D0 /* SampleProjectNicoleUITests.swift */ = {isa = PBXFileReference; lastKnownFileType = sourcecode.swift; path = SampleProjectNicoleUITests.swift; sourceTree = "<group>"; };
		72DD34B72698A4B500C7B2D0 /* Info.plist */ = {isa = PBXFileReference; lastKnownFileType = text.plist.xml; path = Info.plist; sourceTree = "<group>"; };
/* End PBXFileReference section */

/* Begin PBXFrameworksBuildPhase section */
		72DD348D2698A4B100C7B2D0 /* Frameworks */ = {
			isa = PBXFrameworksBuildPhase;
			buildActionMask = 2147483647;
			files = (
			);
			runOnlyForDeploymentPostprocessing = 0;
		};
		72DD34A32698A4B500C7B2D0 /* Frameworks */ = {
			isa = PBXFrameworksBuildPhase;
			buildActionMask = 2147483647;
			files = (
			);
			runOnlyForDeploymentPostprocessing = 0;
		};
		72DD34AE2698A4B500C7B2D0 /* Frameworks */ = {
			isa = PBXFrameworksBuildPhase;
			buildActionMask = 2147483647;
			files = (
			);
			runOnlyForDeploymentPostprocessing = 0;
		};
/* End PBXFrameworksBuildPhase section */

/* Begin PBXGroup section */
		72DD34872698A4B100C7B2D0 = {
			isa = PBXGroup;
			children = (
				72DD34922698A4B100C7B2D0 /* SampleProjectNicole */,
				72DD34A92698A4B500C7B2D0 /* SampleProjectNicoleTests */,
				72DD34B42698A4B500C7B2D0 /* SampleProjectNicoleUITests */,
				72DD34912698A4B100C7B2D0 /* Products */,
			);
			sourceTree = "<group>";
		};
		72DD34912698A4B100C7B2D0 /* Products */ = {
			isa = PBXGroup;
			children = (
				72DD34902698A4B100C7B2D0 /* SampleProjectNicole.app */,
				72DD34A62698A4B500C7B2D0 /* SampleProjectNicoleTests.xctest */,
				72DD34B12698A4B500C7B2D0 /* SampleProjectNicoleUITests.xctest */,
			);
			name = Products;
			sourceTree = "<group>";
		};
		72DD34922698A4B100C7B2D0 /* SampleProjectNicole */ = {
			isa = PBXGroup;
			children = (
				72DD34932698A4B100C7B2D0 /* AppDelegate.swift */,
				72DD34952698A4B100C7B2D0 /* SceneDelegate.swift */,
				72DD34972698A4B100C7B2D0 /* ViewController.swift */,
				72DD34992698A4B100C7B2D0 /* Main.storyboard */,
				72DD349C2698A4B500C7B2D0 /* Assets.xcassets */,
				72DD349E2698A4B500C7B2D0 /* LaunchScreen.storyboard */,
				72DD34A12698A4B500C7B2D0 /* Info.plist */,
			);
			path = SampleProjectNicole;
			sourceTree = "<group>";
		};
		72DD34A92698A4B500C7B2D0 /* SampleProjectNicoleTests */ = {
			isa = PBXGroup;
			children = (
				72DD34AA2698A4B500C7B2D0 /* SampleProjectNicoleTests.swift */,
				72DD34AC2698A4B500C7B2D0 /* Info.plist */,
			);
			path = SampleProjectNicoleTests;
			sourceTree = "<group>";
		};
		72DD34B42698A4B500C7B2D0 /* SampleProjectNicoleUITests */ = {
			isa = PBXGroup;
			children = (
				72DD34B52698A4B500C7B2D0 /* SampleProjectNicoleUITests.swift */,
				72DD34B72698A4B500C7B2D0 /* Info.plist */,
			);
			path = SampleProjectNicoleUITests;
			sourceTree = "<group>";
		};
/* End PBXGroup section */

/* Begin PBXNativeTarget section */
		72DD348F2698A4B100C7B2D0 /* SampleProjectNicole */ = {
			isa = PBXNativeTarget;
			buildConfigurationList = 72DD34BA2698A4B500C7B2D0 /* Build configuration list for PBXNativeTarget "SampleProjectNicole" */;
			buildPhases = (
				72DD348C2698A4B100C7B2D0 /* Sources */,
				72DD348D2698A4B100C7B2D0 /* Frameworks */,
				72DD348E2698A4B100C7B2D0 /* Resources */,
			);
			buildRules = (
			);
			dependencies = (
			);
			name = SampleProjectNicole;
			productName = SampleProjectNicole;
			productReference = 72DD34902698A4B100C7B2D0 /* SampleProjectNicole.app */;
			productType = "com.apple.product-type.application";
		};
		72DD34A52698A4B500C7B2D0 /* SampleProjectNicoleTests */ = {
			isa = PBXNativeTarget;
			buildConfigurationList = 72DD34BD2698A4B500C7B2D0 /* Build configuration list for PBXNativeTarget "SampleProjectNicoleTests" */;
			buildPhases = (
				72DD34A22698A4B500C7B2D0 /* Sources */,
				72DD34A32698A4B500C7B2D0 /* Frameworks */,
				72DD34A42698A4B500C7B2D0 /* Resources */,
			);
			buildRules = (
			);
			dependencies = (
				72DD34A82698A4B500C7B2D0 /* PBXTargetDependency */,
			);
			name = SampleProjectNicoleTests;
			productName = SampleProjectNicoleTests;
			productReference = 72DD34A62698A4B500C7B2D0 /* SampleProjectNicoleTests.xctest */;
			productType = "com.apple.product-type.bundle.unit-test";
		};
		72DD34B02698A4B500C7B2D0 /* SampleProjectNicoleUITests */ = {
			isa = PBXNativeTarget;
			buildConfigurationList = 72DD34C02698A4B500C7B2D0 /* Build configuration list for PBXNativeTarget "SampleProjectNicoleUITests" */;
			buildPhases = (
				72DD34AD2698A4B500C7B2D0 /* Sources */,
				72DD34AE2698A4B500C7B2D0 /* Frameworks */,
				72DD34AF2698A4B500C7B2D0 /* Resources */,
			);
			buildRules = (
			);
			dependencies = (
				72DD34B32698A4B500C7B2D0 /* PBXTargetDependency */,
			);
			name = SampleProjectNicoleUITests;
			productName = SampleProjectNicoleUITests;
			productReference = 72DD34B12698A4B500C7B2D0 /* SampleProjectNicoleUITests.xctest */;
			productType = "com.apple.product-type.bundle.ui-testing";
		};
/* End PBXNativeTarget section */

/* Begin PBXProject section */
		72DD34882698A4B100C7B2D0 /* Project object */ = {
			isa = PBXProject;
			attributes = {
				LastSwiftUpdateCheck = 1250;
				LastUpgradeCheck = 1250;
				TargetAttributes = {
					72DD348F2698A4B100C7B2D0 = {
						CreatedOnToolsVersion = 12.5.1;
					};
					72DD34A52698A4B500C7B2D0 = {
						CreatedOnToolsVersion = 12.5.1;
						TestTargetID = 72DD348F2698A4B100C7B2D0;
					};
					72DD34B02698A4B500C7B2D0 = {
						CreatedOnToolsVersion = 12.5.1;
						TestTargetID = 72DD348F2698A4B100C7B2D0;
					};
				};
			};
			buildConfigurationList = 72DD348B2698A4B100C7B2D0 /* Build configuration list for PBXProject "SampleProjectNicole" */;
			compatibilityVersion = "Xcode 9.3";
			developmentRegion = en;
			hasScannedForEncodings = 0;
			knownRegions = (
				en,
				Base,
			);
			mainGroup = 72DD34872698A4B100C7B2D0;
			productRefGroup = 72DD34912698A4B100C7B2D0 /* Products */;
			projectDirPath = "";
			projectRoot = "";
			targets = (
				72DD348F2698A4B100C7B2D0 /* SampleProjectNicole */,
				72DD34A52698A4B500C7B2D0 /* SampleProjectNicoleTests */,
				72DD34B02698A4B500C7B2D0 /* SampleProjectNicoleUITests */,
			);
		};
/* End PBXProject section */

/* Begin PBXResourcesBuildPhase section */
		72DD348E2698A4B100C7B2D0 /* Resources */ = {
			isa = PBXResourcesBuildPhase;
			buildActionMask = 2147483647;
			files = (
				72DD34A02698A4B500C7B2D0 /* LaunchScreen.storyboard in Resources */,
				72DD349D2698A4B500C7B2D0 /* Assets.xcassets in Resources */,
				72DD349B2698A4B100C7B2D0 /* Main.storyboard in Resources */,
			);
			runOnlyForDeploymentPostprocessing = 0;
		};
		72DD34A42698A4B500C7B2D0 /* Resources */ = {
			isa = PBXResourcesBuildPhase;
			buildActionMask = 2147483647;
			files = (
			);
			runOnlyForDeploymentPostprocessing = 0;
		};
		72DD34AF2698A4B500C7B2D0 /* Resources */ = {
			isa = PBXResourcesBuildPhase;
			buildActionMask = 2147483647;
			files = (
			);
			runOnlyForDeploymentPostprocessing = 0;
		};
/* End PBXResourcesBuildPhase section */

/* Begin PBXSourcesBuildPhase section */
		72DD348C2698A4B100C7B2D0 /* Sources */ = {
			isa = PBXSourcesBuildPhase;
			buildActionMask = 2147483647;
			files = (
				72DD34982698A4B100C7B2D0 /* ViewController.swift in Sources */,
				72DD34942698A4B100C7B2D0 /* AppDelegate.swift in Sources */,
				72DD34962698A4B100C7B2D0 /* SceneDelegate.swift in Sources */,
			);
			runOnlyForDeploymentPostprocessing = 0;
		};
		72DD34A22698A4B500C7B2D0 /* Sources */ = {
			isa = PBXSourcesBuildPhase;
			buildActionMask = 2147483647;
			files = (
				72DD34AB2698A4B500C7B2D0 /* SampleProjectNicoleTests.swift in Sources */,
			);
			runOnlyForDeploymentPostprocessing = 0;
		};
		72DD34AD2698A4B500C7B2D0 /* Sources */ = {
			isa = PBXSourcesBuildPhase;
			buildActionMask = 2147483647;
			files = (
				72DD34B62698A4B500C7B2D0 /* SampleProjectNicoleUITests.swift in Sources */,
			);
			runOnlyForDeploymentPostprocessing = 0;
		};
/* End PBXSourcesBuildPhase section */

/* Begin PBXTargetDependency section */
		72DD34A82698A4B500C7B2D0 /* PBXTargetDependency */ = {
			isa = PBXTargetDependency;
			target = 72DD348F2698A4B100C7B2D0 /* SampleProjectNicole */;
			targetProxy = 72DD34A72698A4B500C7B2D0 /* PBXContainerItemProxy */;
		};
		72DD34B32698A4B500C7B2D0 /* PBXTargetDependency */ = {
			isa = PBXTargetDependency;
			target = 72DD348F2698A4B100C7B2D0 /* SampleProjectNicole */;
			targetProxy = 72DD34B22698A4B500C7B2D0 /* PBXContainerItemProxy */;
		};
/* End PBXTargetDependency section */

/* Begin PBXVariantGroup section */
		72DD34992698A4B100C7B2D0 /* Main.storyboard */ = {
			isa = PBXVariantGroup;
			children = (
				72DD349A2698A4B100C7B2D0 /* Base */,
			);
			name = Main.storyboard;
			sourceTree = "<group>";
		};
		72DD349E2698A4B500C7B2D0 /* LaunchScreen.storyboard */ = {
			isa = PBXVariantGroup;
			children = (
				72DD349F2698A4B500C7B2D0 /* Base */,
			);
			name = LaunchScreen.storyboard;
			sourceTree = "<group>";
		};
/* End PBXVariantGroup section */

/* Begin XCBuildConfiguration section */
		72DD34B82698A4B500C7B2D0 /* Debug */ = {
			isa = XCBuildConfiguration;
			buildSettings = {
				ALWAYS_SEARCH_USER_PATHS = NO;
				CLANG_ANALYZER_NONNULL = YES;
				CLANG_ANALYZER_NUMBER_OBJECT_CONVERSION = YES_AGGRESSIVE;
				CLANG_CXX_LANGUAGE_STANDARD = "gnu++14";
				CLANG_CXX_LIBRARY = "libc++";
				CLANG_ENABLE_MODULES = YES;
				CLANG_ENABLE_OBJC_ARC = YES;
				CLANG_ENABLE_OBJC_WEAK = YES;
				CLANG_WARN_BLOCK_CAPTURE_AUTORELEASING = YES;
				CLANG_WARN_BOOL_CONVERSION = YES;
				CLANG_WARN_COMMA = YES;
				CLANG_WARN_CONSTANT_CONVERSION = YES;
				CLANG_WARN_DEPRECATED_OBJC_IMPLEMENTATIONS = YES;
				CLANG_WARN_DIRECT_OBJC_ISA_USAGE = YES_ERROR;
				CLANG_WARN_DOCUMENTATION_COMMENTS = YES;
				CLANG_WARN_EMPTY_BODY = YES;
				CLANG_WARN_ENUM_CONVERSION = YES;
				CLANG_WARN_INFINITE_RECURSION = YES;
				CLANG_WARN_INT_CONVERSION = YES;
				CLANG_WARN_NON_LITERAL_NULL_CONVERSION = YES;
				CLANG_WARN_OBJC_IMPLICIT_RETAIN_SELF = YES;
				CLANG_WARN_OBJC_LITERAL_CONVERSION = YES;
				CLANG_WARN_OBJC_ROOT_CLASS = YES_ERROR;
				CLANG_WARN_QUOTED_INCLUDE_IN_FRAMEWORK_HEADER = YES;
				CLANG_WARN_RANGE_LOOP_ANALYSIS = YES;
				CLANG_WARN_STRICT_PROTOTYPES = YES;
				CLANG_WARN_SUSPICIOUS_MOVE = YES;
				CLANG_WARN_UNGUARDED_AVAILABILITY = YES_AGGRESSIVE;
				CLANG_WARN_UNREACHABLE_CODE = YES;
				CLANG_WARN__DUPLICATE_METHOD_MATCH = YES;
				COPY_PHASE_STRIP = NO;
				DEBUG_INFORMATION_FORMAT = dwarf;
				ENABLE_STRICT_OBJC_MSGSEND = YES;
				ENABLE_TESTABILITY = YES;
				GCC_C_LANGUAGE_STANDARD = gnu11;
				GCC_DYNAMIC_NO_PIC = NO;
				GCC_NO_COMMON_BLOCKS = YES;
				GCC_OPTIMIZATION_LEVEL = 0;
				GCC_PREPROCESSOR_DEFINITIONS = (
					"DEBUG=1",
					"$(inherited)",
				);
				GCC_WARN_64_TO_32_BIT_CONVERSION = YES;
				GCC_WARN_ABOUT_RETURN_TYPE = YES_ERROR;
				GCC_WARN_UNDECLARED_SELECTOR = YES;
				GCC_WARN_UNINITIALIZED_AUTOS = YES_AGGRESSIVE;
				GCC_WARN_UNUSED_FUNCTION = YES;
				GCC_WARN_UNUSED_VARIABLE = YES;
				IPHONEOS_DEPLOYMENT_TARGET = 14.5;
				MTL_ENABLE_DEBUG_INFO = INCLUDE_SOURCE;
				MTL_FAST_MATH = YES;
				ONLY_ACTIVE_ARCH = YES;
				SDKROOT = iphoneos;
				SWIFT_ACTIVE_COMPILATION_CONDITIONS = DEBUG;
				SWIFT_OPTIMIZATION_LEVEL = "-Onone";
			};
			name = Debug;
		};
		72DD34B92698A4B500C7B2D0 /* Release */ = {
			isa = XCBuildConfiguration;
			buildSettings = {
				ALWAYS_SEARCH_USER_PATHS = NO;
				CLANG_ANALYZER_NONNULL = YES;
				CLANG_ANALYZER_NUMBER_OBJECT_CONVERSION = YES_AGGRESSIVE;
				CLANG_CXX_LANGUAGE_STANDARD = "gnu++14";
				CLANG_CXX_LIBRARY = "libc++";
				CLANG_ENABLE_MODULES = YES;
				CLANG_ENABLE_OBJC_ARC = YES;
				CLANG_ENABLE_OBJC_WEAK = YES;
				CLANG_WARN_BLOCK_CAPTURE_AUTORELEASING = YES;
				CLANG_WARN_BOOL_CONVERSION = YES;
				CLANG_WARN_COMMA = YES;
				CLANG_WARN_CONSTANT_CONVERSION = YES;
				CLANG_WARN_DEPRECATED_OBJC_IMPLEMENTATIONS = YES;
				CLANG_WARN_DIRECT_OBJC_ISA_USAGE = YES_ERROR;
				CLANG_WARN_DOCUMENTATION_COMMENTS = YES;
				CLANG_WARN_EMPTY_BODY = YES;
				CLANG_WARN_ENUM_CONVERSION = YES;
				CLANG_WARN_INFINITE_RECURSION = YES;
				CLANG_WARN_INT_CONVERSION = YES;
				CLANG_WARN_NON_LITERAL_NULL_CONVERSION = YES;
				CLANG_WARN_OBJC_IMPLICIT_RETAIN_SELF = YES;
				CLANG_WARN_OBJC_LITERAL_CONVERSION = YES;
				CLANG_WARN_OBJC_ROOT_CLASS = YES_ERROR;
				CLANG_WARN_QUOTED_INCLUDE_IN_FRAMEWORK_HEADER = YES;
				CLANG_WARN_RANGE_LOOP_ANALYSIS = YES;
				CLANG_WARN_STRICT_PROTOTYPES = YES;
				CLANG_WARN_SUSPICIOUS_MOVE = YES;
				CLANG_WARN_UNGUARDED_AVAILABILITY = YES_AGGRESSIVE;
				CLANG_WARN_UNREACHABLE_CODE = YES;
				CLANG_WARN__DUPLICATE_METHOD_MATCH = YES;
				COPY_PHASE_STRIP = NO;
				DEBUG_INFORMATION_FORMAT = "dwarf-with-dsym";
				ENABLE_NS_ASSERTIONS = NO;
				ENABLE_STRICT_OBJC_MSGSEND = YES;
				GCC_C_LANGUAGE_STANDARD = gnu11;
				GCC_NO_COMMON_BLOCKS = YES;
				GCC_WARN_64_TO_32_BIT_CONVERSION = YES;
				GCC_WARN_ABOUT_RETURN_TYPE = YES_ERROR;
				GCC_WARN_UNDECLARED_SELECTOR = YES;
				GCC_WARN_UNINITIALIZED_AUTOS = YES_AGGRESSIVE;
				GCC_WARN_UNUSED_FUNCTION = YES;
				GCC_WARN_UNUSED_VARIABLE = YES;
				IPHONEOS_DEPLOYMENT_TARGET = 14.5;
				MTL_ENABLE_DEBUG_INFO = NO;
				MTL_FAST_MATH = YES;
				SDKROOT = iphoneos;
				SWIFT_COMPILATION_MODE = wholemodule;
				SWIFT_OPTIMIZATION_LEVEL = "-O";
				VALIDATE_PRODUCT = YES;
			};
			name = Release;
		};
		72DD34BB2698A4B500C7B2D0 /* Debug */ = {
			isa = XCBuildConfiguration;
			buildSettings = {
				ASSETCATALOG_COMPILER_APPICON_NAME = AppIcon;
				ASSETCATALOG_COMPILER_GLOBAL_ACCENT_COLOR_NAME = AccentColor;
				CODE_SIGN_STYLE = Automatic;
				DEVELOPMENT_TEAM = 5V6K4WL6BN;
				INFOPLIST_FILE = SampleProjectNicole/Info.plist;
				LD_RUNPATH_SEARCH_PATHS = (
					"$(inherited)",
					"@executable_path/Frameworks",
				);
				PRODUCT_BUNDLE_IDENTIFIER = CAPC.SampleProjectNicole;
				PRODUCT_NAME = "$(TARGET_NAME)";
				SWIFT_VERSION = 5.0;
				TARGETED_DEVICE_FAMILY = "1,2";
			};
			name = Debug;
		};
		72DD34BC2698A4B500C7B2D0 /* Release */ = {
			isa = XCBuildConfiguration;
			buildSettings = {
				ASSETCATALOG_COMPILER_APPICON_NAME = AppIcon;
				ASSETCATALOG_COMPILER_GLOBAL_ACCENT_COLOR_NAME = AccentColor;
				CODE_SIGN_STYLE = Automatic;
				DEVELOPMENT_TEAM = 5V6K4WL6BN;
				INFOPLIST_FILE = SampleProjectNicole/Info.plist;
				LD_RUNPATH_SEARCH_PATHS = (
					"$(inherited)",
					"@executable_path/Frameworks",
				);
				PRODUCT_BUNDLE_IDENTIFIER = CAPC.SampleProjectNicole;
				PRODUCT_NAME = "$(TARGET_NAME)";
				SWIFT_VERSION = 5.0;
				TARGETED_DEVICE_FAMILY = "1,2";
			};
			name = Release;
		};
		72DD34BE2698A4B500C7B2D0 /* Debug */ = {
			isa = XCBuildConfiguration;
			buildSettings = {
				ALWAYS_EMBED_SWIFT_STANDARD_LIBRARIES = YES;
				BUNDLE_LOADER = "$(TEST_HOST)";
				CODE_SIGN_STYLE = Automatic;
				DEVELOPMENT_TEAM = 5V6K4WL6BN;
				INFOPLIST_FILE = SampleProjectNicoleTests/Info.plist;
				IPHONEOS_DEPLOYMENT_TARGET = 14.5;
				LD_RUNPATH_SEARCH_PATHS = (
					"$(inherited)",
					"@executable_path/Frameworks",
					"@loader_path/Frameworks",
				);
				PRODUCT_BUNDLE_IDENTIFIER = CAPC.SampleProjectNicoleTests;
				PRODUCT_NAME = "$(TARGET_NAME)";
				SWIFT_VERSION = 5.0;
				TARGETED_DEVICE_FAMILY = "1,2";
				TEST_HOST = "$(BUILT_PRODUCTS_DIR)/SampleProjectNicole.app/SampleProjectNicole";
			};
			name = Debug;
		};
		72DD34BF2698A4B500C7B2D0 /* Release */ = {
			isa = XCBuildConfiguration;
			buildSettings = {
				ALWAYS_EMBED_SWIFT_STANDARD_LIBRARIES = YES;
				BUNDLE_LOADER = "$(TEST_HOST)";
				CODE_SIGN_STYLE = Automatic;
				DEVELOPMENT_TEAM = 5V6K4WL6BN;
				INFOPLIST_FILE = SampleProjectNicoleTests/Info.plist;
				IPHONEOS_DEPLOYMENT_TARGET = 14.5;
				LD_RUNPATH_SEARCH_PATHS = (
					"$(inherited)",
					"@executable_path/Frameworks",
					"@loader_path/Frameworks",
				);
				PRODUCT_BUNDLE_IDENTIFIER = CAPC.SampleProjectNicoleTests;
				PRODUCT_NAME = "$(TARGET_NAME)";
				SWIFT_VERSION = 5.0;
				TARGETED_DEVICE_FAMILY = "1,2";
				TEST_HOST = "$(BUILT_PRODUCTS_DIR)/SampleProjectNicole.app/SampleProjectNicole";
			};
			name = Release;
		};
		72DD34C12698A4B500C7B2D0 /* Debug */ = {
			isa = XCBuildConfiguration;
			buildSettings = {
				ALWAYS_EMBED_SWIFT_STANDARD_LIBRARIES = YES;
				CODE_SIGN_STYLE = Automatic;
				DEVELOPMENT_TEAM = 5V6K4WL6BN;
				INFOPLIST_FILE = SampleProjectNicoleUITests/Info.plist;
				LD_RUNPATH_SEARCH_PATHS = (
					"$(inherited)",
					"@executable_path/Frameworks",
					"@loader_path/Frameworks",
				);
				PRODUCT_BUNDLE_IDENTIFIER = CAPC.SampleProjectNicoleUITests;
				PRODUCT_NAME = "$(TARGET_NAME)";
				SWIFT_VERSION = 5.0;
				TARGETED_DEVICE_FAMILY = "1,2";
				TEST_TARGET_NAME = SampleProjectNicole;
			};
			name = Debug;
		};
		72DD34C22698A4B500C7B2D0 /* Release */ = {
			isa = XCBuildConfiguration;
			buildSettings = {
				ALWAYS_EMBED_SWIFT_STANDARD_LIBRARIES = YES;
				CODE_SIGN_STYLE = Automatic;
				DEVELOPMENT_TEAM = 5V6K4WL6BN;
				INFOPLIST_FILE = SampleProjectNicoleUITests/Info.plist;
				LD_RUNPATH_SEARCH_PATHS = (
					"$(inherited)",
					"@executable_path/Frameworks",
					"@loader_path/Frameworks",
				);
				PRODUCT_BUNDLE_IDENTIFIER = CAPC.SampleProjectNicoleUITests;
				PRODUCT_NAME = "$(TARGET_NAME)";
				SWIFT_VERSION = 5.0;
				TARGETED_DEVICE_FAMILY = "1,2";
				TEST_TARGET_NAME = SampleProjectNicole;
			};
			name = Release;
		};
/* End XCBuildConfiguration section */

/* Begin XCConfigurationList section */
		72DD348B2698A4B100C7B2D0 /* Build configuration list for PBXProject "SampleProjectNicole" */ = {
			isa = XCConfigurationList;
			buildConfigurations = (
				72DD34B82698A4B500C7B2D0 /* Debug */,
				72DD34B92698A4B500C7B2D0 /* Release */,
			);
			defaultConfigurationIsVisible = 0;
			defaultConfigurationName = Release;
		};
		72DD34BA2698A4B500C7B2D0 /* Build configuration list for PBXNativeTarget "SampleProjectNicole" */ = {
			isa = XCConfigurationList;
			buildConfigurations = (
				72DD34BB2698A4B500C7B2D0 /* Debug */,
				72DD34BC2698A4B500C7B2D0 /* Release */,
			);
			defaultConfigurationIsVisible = 0;
			defaultConfigurationName = Release;
		};
		72DD34BD2698A4B500C7B2D0 /* Build configuration list for PBXNativeTarget "SampleProjectNicoleTests" */ = {
			isa = XCConfigurationList;
			buildConfigurations = (
				72DD34BE2698A4B500C7B2D0 /* Debug */,
				72DD34BF2698A4B500C7B2D0 /* Release */,
			);
			defaultConfigurationIsVisible = 0;
			defaultConfigurationName = Release;
		};
		72DD34C02698A4B500C7B2D0 /* Build configuration list for PBXNativeTarget "SampleProjectNicoleUITests" */ = {
			isa = XCConfigurationList;
			buildConfigurations = (
				72DD34C12698A4B500C7B2D0 /* Debug */,
				72DD34C22698A4B500C7B2D0 /* Release */,
			);
			defaultConfigurationIsVisible = 0;
			defaultConfigurationName = Release;
		};
/* End XCConfigurationList section */
	};
	rootObject = 72DD34882698A4B100C7B2D0 /* Project object */;
}
